payload:
  - reqhfg-launches.appsflyersdk.com
  - update.9mod.com
  - a.tiktokmod.pro
  # 可屏蔽的 PCDN 域名
  # Bilibili
  - v1d.szbdyd.com
  - mcdn.bilivideo.cn
  # QQ音乐
  - tp2p.kg.qq.com
  - twns.p2ptun.qq.com
  # 网易云音乐
  - sd-gl.xinqiucc.com
  - xyp-n.kuiniuca.com
  - sdk1xyajs.data.kuiniuca.com
  - ac.dun.163.com
  - fp-upload.dun.163.com
